
Microsoft Visual Studio Solution File, Format Version 12.00
# Visual Studio Version 17
VisualStudioVersion = 17.6.33723.286
MinimumVisualStudioVersion = 10.0.40219.1
Project("{9A19103F-16F7-4668-BE54-9A1E7A4F7556}") = "Data", "Data\Data.csproj", "{B29D73A8-A906-4D02-9E28-20A3286CC946}"
EndProject
Project("{9A19103F-16F7-4668-BE54-9A1E7A4F7556}") = "Common", "Common\Common.csproj", "{B574A45F-95BF-49DD-8B90-86BA73358A7D}"
EndProject
Project("{9A19103F-16F7-4668-BE54-9A1E7A4F7556}") = "CoreHome", "CoreHome\CoreHome.csproj", "{3C56B2CB-65FB-4BC4-ACD9-8208DC42F3F5}"
EndProject
Global
	GlobalSection(SolutionConfigurationPlatforms) = preSolution
		Debug|Any CPU = Debug|Any CPU
		Release|Any CPU = Release|Any CPU
	EndGlobalSection
	GlobalSection(ProjectConfigurationPlatforms) = postSolution
		{B29D73A8-A906-4D02-9E28-20A3286CC946}.Debug|Any CPU.ActiveCfg = Debug|Any CPU
		{B29D73A8-A906-4D02-9E28-20A3286CC946}.Debug|Any CPU.Build.0 = Debug|Any CPU
		{B29D73A8-A906-4D02-9E28-20A3286CC946}.Release|Any CPU.ActiveCfg = Release|Any CPU
		{B29D73A8-A906-4D02-9E28-20A3286CC946}.Release|Any CPU.Build.0 = Release|Any CPU
		{B574A45F-95BF-49DD-8B90-86BA73358A7D}.Debug|Any CPU.ActiveCfg = Debug|Any CPU
		{B574A45F-95BF-49DD-8B90-86BA73358A7D}.Debug|Any CPU.Build.0 = Debug|Any CPU
		{B574A45F-95BF-49DD-8B90-86BA73358A7D}.Release|Any CPU.ActiveCfg = Release|Any CPU
		{B574A45F-95BF-49DD-8B90-86BA73358A7D}.Release|Any CPU.Build.0 = Release|Any CPU
		{3C56B2CB-65FB-4BC4-ACD9-8208DC42F3F5}.Debug|Any CPU.ActiveCfg = Debug|Any CPU
		{3C56B2CB-65FB-4BC4-ACD9-8208DC42F3F5}.Debug|Any CPU.Build.0 = Debug|Any CPU
		{3C56B2CB-65FB-4BC4-ACD9-8208DC42F3F5}.Release|Any CPU.ActiveCfg = Release|Any CPU
		{3C56B2CB-65FB-4BC4-ACD9-8208DC42F3F5}.Release|Any CPU.Build.0 = Release|Any CPU
	EndGlobalSection
	GlobalSection(SolutionProperties) = preSolution
		HideSolutionNode = FALSE
	EndGlobalSection
	GlobalSection(ExtensibilityGlobals) = postSolution
		SolutionGuid = {ACCFBFB4-0304-4D18-81C1-0F7403785744}
	EndGlobalSection
EndGlobal
